// !$*UTF8*$!
{
	archiveVersion = 1;
	classes = {
	};
	objectVersion = 50;
	objects = {

/* Begin PBXBuildFile section */
		400573742750CCED000866FA /* AppDelegate.swift in Sources */ = {isa = PBXBuildFile; fileRef = 400573732750CCED000866FA /* AppDelegate.swift */; };
		400573762750CCED000866FA /* SceneDelegate.swift in Sources */ = {isa = PBXBuildFile; fileRef = 400573752750CCED000866FA /* SceneDelegate.swift */; };
		400573782750CCED000866FA /* ViewController.swift in Sources */ = {isa = PBXBuildFile; fileRef = 400573772750CCED000866FA /* ViewController.swift */; };
		4005737B2750CCED000866FA /* Main.storyboard in Resources */ = {isa = PBXBuildFile; fileRef = 400573792750CCED000866FA /* Main.storyboard */; };
		4005737D2750CCEF000866FA /* Assets.xcassets in Resources */ = {isa = PBXBuildFile; fileRef = 4005737C2750CCEF000866FA /* Assets.xcassets */; };
		400573802750CCEF000866FA /* LaunchScreen.storyboard in Resources */ = {isa = PBXBuildFile; fileRef = 4005737E2750CCEF000866FA /* LaunchScreen.storyboard */; };
		4005738B2750CCEF000866FA /* PersonProjectTests.swift in Sources */ = {isa = PBXBuildFile; fileRef = 4005738A2750CCEF000866FA /* PersonProjectTests.swift */; };
		400573962750CCEF000866FA /* PersonProjectUITests.swift in Sources */ = {isa = PBXBuildFile; fileRef = 400573952750CCEF000866FA /* PersonProjectUITests.swift */; };
		400573A82750D23D000866FA /* TableViewController.swift in Sources */ = {isa = PBXBuildFile; fileRef = 400573A72750D23D000866FA /* TableViewController.swift */; };
		40AB8264275F9D77000CC2B1 /* Model.swift in Sources */ = {isa = PBXBuildFile; fileRef = 40AB8263275F9D77000CC2B1 /* Model.swift */; };
/* End PBXBuildFile section */

/* Begin PBXContainerItemProxy section */
		400573872750CCEF000866FA /* PBXContainerItemProxy */ = {
			isa = PBXContainerItemProxy;
			containerPortal = 400573682750CCED000866FA /* Project object */;
			proxyType = 1;
			remoteGlobalIDString = 4005736F2750CCED000866FA;
			remoteInfo = PersonProject;
		};
		400573922750CCEF000866FA /* PBXContainerItemProxy */ = {
			isa = PBXContainerItemProxy;
			containerPortal = 400573682750CCED000866FA /* Project object */;
			proxyType = 1;
			remoteGlobalIDString = 4005736F2750CCED000866FA;
			remoteInfo = PersonProject;
		};
/* End PBXContainerItemProxy section */

/* Begin PBXFileReference section */
		400573702750CCED000866FA /* PersonProject.app */ = {isa = PBXFileReference; explicitFileType = wrapper.application; includeInIndex = 0; path = PersonProject.app; sourceTree = BUILT_PRODUCTS_DIR; };
		400573732750CCED000866FA /* AppDelegate.swift */ = {isa = PBXFileReference; lastKnownFileType = sourcecode.swift; path = AppDelegate.swift; sourceTree = "<group>"; };
		400573752750CCED000866FA /* SceneDelegate.swift */ = {isa = PBXFileReference; lastKnownFileType = sourcecode.swift; path = SceneDelegate.swift; sourceTree = "<group>"; };
		400573772750CCED000866FA /* ViewController.swift */ = {isa = PBXFileReference; lastKnownFileType = sourcecode.swift; path = ViewController.swift; sourceTree = "<group>"; };
		4005737A2750CCED000866FA /* Base */ = {isa = PBXFileReference; lastKnownFileType = file.storyboard; name = Base; path = Base.lproj/Main.storyboard; sourceTree = "<group>"; };
		4005737C2750CCEF000866FA /* Assets.xcassets */ = {isa = PBXFileReference; lastKnownFileType = folder.assetcatalog; path = Assets.xcassets; sourceTree = "<group>"; };
		4005737F2750CCEF000866FA /* Base */ = {isa = PBXFileReference; lastKnownFileType = file.storyboard; name = Base; path = Base.lproj/LaunchScreen.storyboard; sourceTree = "<group>"; };
		400573812750CCEF000866FA /* Info.plist */ = {isa = PBXFileReference; lastKnownFileType = text.plist.xml; path = Info.plist; sourceTree = "<group>"; };
		400573862750CCEF000866FA /* PersonProjectTests.xctest */ = {isa = PBXFileReference; explicitFileType = wrapper.cfbundle; includeInIndex = 0; path = PersonProjectTests.xctest; sourceTree = BUILT_PRODUCTS_DIR; };
		4005738A2750CCEF000866FA /* PersonProjectTests.swift */ = {isa = PBXFileReference; lastKnownFileType = sourcecode.swift; path = PersonProjectTests.swift; sourceTree = "<group>"; };
		4005738C2750CCEF000866FA /* Info.plist */ = {isa = PBXFileReference; lastKnownFileType = text.plist.xml; path = Info.plist; sourceTree = "<group>"; };
		400573912750CCEF000866FA /* PersonProjectUITests.xctest */ = {isa = PBXFileReference; explicitFileType = wrapper.cfbundle; includeInIndex = 0; path = PersonProjectUITests.xctest; sourceTree = BUILT_PRODUCTS_DIR; };
		400573952750CCEF000866FA /* PersonProjectUITests.swift */ = {isa = PBXFileReference; lastKnownFileType = sourcecode.swift; path = PersonProjectUITests.swift; sourceTree = "<group>"; };
		400573972750CCEF000866FA /* Info.plist */ = {isa = PBXFileReference; lastKnownFileType = text.plist.xml; path = Info.plist; sourceTree = "<group>"; };
		400573A72750D23D000866FA /* TableViewController.swift */ = {isa = PBXFileReference; lastKnownFileType = sourcecode.swift; path = TableViewController.swift; sourceTree = "<group>"; };
		40AB8263275F9D77000CC2B1 /* Model.swift */ = {isa = PBXFileReference; lastKnownFileType = sourcecode.swift; path = Model.swift; sourceTree = "<group>"; };
/* End PBXFileReference section */

/* Begin PBXFrameworksBuildPhase section */
		4005736D2750CCED000866FA /* Frameworks */ = {
			isa = PBXFrameworksBuildPhase;
			buildActionMask = 2147483647;
			files = (
			);
			runOnlyForDeploymentPostprocessing = 0;
		};
		400573832750CCEF000866FA /* Frameworks */ = {
			isa = PBXFrameworksBuildPhase;
			buildActionMask = 2147483647;
			files = (
			);
			runOnlyForDeploymentPostprocessing = 0;
		};
		4005738E2750CCEF000866FA /* Frameworks */ = {
			isa = PBXFrameworksBuildPhase;
			buildActionMask = 2147483647;
			files = (
			);
			runOnlyForDeploymentPostprocessing = 0;
		};
/* End PBXFrameworksBuildPhase section */

/* Begin PBXGroup section */
		400573672750CCED000866FA = {
			isa = PBXGroup;
			children = (
				400573722750CCED000866FA /* PersonProject */,
				400573892750CCEF000866FA /* PersonProjectTests */,
				400573942750CCEF000866FA /* PersonProjectUITests */,
				400573712750CCED000866FA /* Products */,
			);
			sourceTree = "<group>";
		};
		400573712750CCED000866FA /* Products */ = {
			isa = PBXGroup;
			children = (
				400573702750CCED000866FA /* PersonProject.app */,
				400573862750CCEF000866FA /* PersonProjectTests.xctest */,
				400573912750CCEF000866FA /* PersonProjectUITests.xctest */,
			);
			name = Products;
			sourceTree = "<group>";
		};
		400573722750CCED000866FA /* PersonProject */ = {
			isa = PBXGroup;
			children = (
				400573732750CCED000866FA /* AppDelegate.swift */,
				400573752750CCED000866FA /* SceneDelegate.swift */,
				400573772750CCED000866FA /* ViewController.swift */,
				400573792750CCED000866FA /* Main.storyboard */,
				400573A72750D23D000866FA /* TableViewController.swift */,
				4005737C2750CCEF000866FA /* Assets.xcassets */,
				4005737E2750CCEF000866FA /* LaunchScreen.storyboard */,
				400573812750CCEF000866FA /* Info.plist */,
				40AB8263275F9D77000CC2B1 /* Model.swift */,
			);
			path = PersonProject;
			sourceTree = "<group>";
		};
		400573892750CCEF000866FA /* PersonProjectTests */ = {
			isa = PBXGroup;
			children = (
				4005738A2750CCEF000866FA /* PersonProjectTests.swift */,
				4005738C2750CCEF000866FA /* Info.plist */,
			);
			path = PersonProjectTests;
			sourceTree = "<group>";
		};
		400573942750CCEF000866FA /* PersonProjectUITests */ = {
			isa = PBXGroup;
			children = (
				400573952750CCEF000866FA /* PersonProjectUITests.swift */,
				400573972750CCEF000866FA /* Info.plist */,
			);
			path = PersonProjectUITests;
			sourceTree = "<group>";
		};
/* End PBXGroup section */

/* Begin PBXNativeTarget section */
		4005736F2750CCED000866FA /* PersonProject */ = {
			isa = PBXNativeTarget;
			buildConfigurationList = 4005739A2750CCEF000866FA /* Build configuration list for PBXNativeTarget "PersonProject" */;
			buildPhases = (
				4005736C2750CCED000866FA /* Sources */,
				4005736D2750CCED000866FA /* Frameworks */,
				4005736E2750CCED000866FA /* Resources */,
			);
			buildRules = (
			);
			dependencies = (
			);
			name = PersonProject;
			productName = PersonProject;
			productReference = 400573702750CCED000866FA /* PersonProject.app */;
			productType = "com.apple.product-type.application";
		};
		400573852750CCEF000866FA /* PersonProjectTests */ = {
			isa = PBXNativeTarget;
			buildConfigurationList = 4005739D2750CCEF000866FA /* Build configuration list for PBXNativeTarget "PersonProjectTests" */;
			buildPhases = (
				400573822750CCEF000866FA /* Sources */,
				400573832750CCEF000866FA /* Frameworks */,
				400573842750CCEF000866FA /* Resources */,
			);
			buildRules = (
			);
			dependencies = (
				400573882750CCEF000866FA /* PBXTargetDependency */,
			);
			name = PersonProjectTests;
			productName = PersonProjectTests;
			productReference = 400573862750CCEF000866FA /* PersonProjectTests.xctest */;
			productType = "com.apple.product-type.bundle.unit-test";
		};
		400573902750CCEF000866FA /* PersonProjectUITests */ = {
			isa = PBXNativeTarget;
			buildConfigurationList = 400573A02750CCEF000866FA /* Build configuration list for PBXNativeTarget "PersonProjectUITests" */;
			buildPhases = (
				4005738D2750CCEF000866FA /* Sources */,
				4005738E2750CCEF000866FA /* Frameworks */,
				4005738F2750CCEF000866FA /* Resources */,
			);
			buildRules = (
			);
			dependencies = (
				400573932750CCEF000866FA /* PBXTargetDependency */,
			);
			name = PersonProjectUITests;
			productName = PersonProjectUITests;
			productReference = 400573912750CCEF000866FA /* PersonProjectUITests.xctest */;
			productType = "com.apple.product-type.bundle.ui-testing";
		};
/* End PBXNativeTarget section */

/* Begin PBXProject section */
		400573682750CCED000866FA /* Project object */ = {
			isa = PBXProject;
			attributes = {
				LastSwiftUpdateCheck = 1250;
				LastUpgradeCheck = 1250;
				TargetAttributes = {
					4005736F2750CCED000866FA = {
						CreatedOnToolsVersion = 12.5.1;
					};
					400573852750CCEF000866FA = {
						CreatedOnToolsVersion = 12.5.1;
						TestTargetID = 4005736F2750CCED000866FA;
					};
					400573902750CCEF000866FA = {
						CreatedOnToolsVersion = 12.5.1;
						TestTargetID = 4005736F2750CCED000866FA;
					};
				};
			};
			buildConfigurationList = 4005736B2750CCED000866FA /* Build configuration list for PBXProject "PersonProject" */;
			compatibilityVersion = "Xcode 9.3";
			developmentRegion = en;
			hasScannedForEncodings = 0;
			knownRegions = (
				en,
				Base,
			);
			mainGroup = 400573672750CCED000866FA;
			productRefGroup = 400573712750CCED000866FA /* Products */;
			projectDirPath = "";
			projectRoot = "";
			targets = (
				4005736F2750CCED000866FA /* PersonProject */,
				400573852750CCEF000866FA /* PersonProjectTests */,
				400573902750CCEF000866FA /* PersonProjectUITests */,
			);
		};
/* End PBXProject section */

/* Begin PBXResourcesBuildPhase section */
		4005736E2750CCED000866FA /* Resources */ = {
			isa = PBXResourcesBuildPhase;
			buildActionMask = 2147483647;
			files = (
				400573802750CCEF000866FA /* LaunchScreen.storyboard in Resources */,
				4005737D2750CCEF000866FA /* Assets.xcassets in Resources */,
				4005737B2750CCED000866FA /* Main.storyboard in Resources */,
			);
			runOnlyForDeploymentPostprocessing = 0;
		};
		400573842750CCEF000866FA /* Resources */ = {
			isa = PBXResourcesBuildPhase;
			buildActionMask = 2147483647;
			files = (
			);
			runOnlyForDeploymentPostprocessing = 0;
		};
		4005738F2750CCEF000866FA /* Resources */ = {
			isa = PBXResourcesBuildPhase;
			buildActionMask = 2147483647;
			files = (
			);
			runOnlyForDeploymentPostprocessing = 0;
		};
/* End PBXResourcesBuildPhase section */

/* Begin PBXSourcesBuildPhase section */
		4005736C2750CCED000866FA /* Sources */ = {
			isa = PBXSourcesBuildPhase;
			buildActionMask = 2147483647;
			files = (
				40AB8264275F9D77000CC2B1 /* Model.swift in Sources */,
				400573782750CCED000866FA /* ViewController.swift in Sources */,
				400573742750CCED000866FA /* AppDelegate.swift in Sources */,
				400573762750CCED000866FA /* SceneDelegate.swift in Sources */,
				400573A82750D23D000866FA /* TableViewController.swift in Sources */,
			);
			runOnlyForDeploymentPostprocessing = 0;
		};
		400573822750CCEF000866FA /* Sources */ = {
			isa = PBXSourcesBuildPhase;
			buildActionMask = 2147483647;
			files = (
				4005738B2750CCEF000866FA /* PersonProjectTests.swift in Sources */,
			);
			runOnlyForDeploymentPostprocessing = 0;
		};
		4005738D2750CCEF000866FA /* Sources */ = {
			isa = PBXSourcesBuildPhase;
			buildActionMask = 2147483647;
			files = (
				400573962750CCEF000866FA /* PersonProjectUITests.swift in Sources */,
			);
			runOnlyForDeploymentPostprocessing = 0;
		};
/* End PBXSourcesBuildPhase section */

/* Begin PBXTargetDependency section */
		400573882750CCEF000866FA /* PBXTargetDependency */ = {
			isa = PBXTargetDependency;
			target = 4005736F2750CCED000866FA /* PersonProject */;
			targetProxy = 400573872750CCEF000866FA /* PBXContainerItemProxy */;
		};
		400573932750CCEF000866FA /* PBXTargetDependency */ = {
			isa = PBXTargetDependency;
			target = 4005736F2750CCED000866FA /* PersonProject */;
			targetProxy = 400573922750CCEF000866FA /* PBXContainerItemProxy */;
		};
/* End PBXTargetDependency section */

/* Begin PBXVariantGroup section */
		400573792750CCED000866FA /* Main.storyboard */ = {
			isa = PBXVariantGroup;
			children = (
				4005737A2750CCED000866FA /* Base */,
			);
			name = Main.storyboard;
			sourceTree = "<group>";
		};
		4005737E2750CCEF000866FA /* LaunchScreen.storyboard */ = {
			isa = PBXVariantGroup;
			children = (
				4005737F2750CCEF000866FA /* Base */,
			);
			name = LaunchScreen.storyboard;
			sourceTree = "<group>";
		};
/* End PBXVariantGroup section */

/* Begin XCBuildConfiguration section */
		400573982750CCEF000866FA /* Debug */ = {
			isa = XCBuildConfiguration;
			buildSettings = {
				ALWAYS_SEARCH_USER_PATHS = NO;
				CLANG_ANALYZER_NONNULL = YES;
				CLANG_ANALYZER_NUMBER_OBJECT_CONVERSION = YES_AGGRESSIVE;
				CLANG_CXX_LANGUAGE_STANDARD = "gnu++14";
				CLANG_CXX_LIBRARY = "libc++";
				CLANG_ENABLE_MODULES = YES;
				CLANG_ENABLE_OBJC_ARC = YES;
				CLANG_ENABLE_OBJC_WEAK = YES;
				CLANG_WARN_BLOCK_CAPTURE_AUTORELEASING = YES;
				CLANG_WARN_BOOL_CONVERSION = YES;
				CLANG_WARN_COMMA = YES;
				CLANG_WARN_CONSTANT_CONVERSION = YES;
				CLANG_WARN_DEPRECATED_OBJC_IMPLEMENTATIONS = YES;
				CLANG_WARN_DIRECT_OBJC_ISA_USAGE = YES_ERROR;
				CLANG_WARN_DOCUMENTATION_COMMENTS = YES;
				CLANG_WARN_EMPTY_BODY = YES;
				CLANG_WARN_ENUM_CONVERSION = YES;
				CLANG_WARN_INFINITE_RECURSION = YES;
				CLANG_WARN_INT_CONVERSION = YES;
				CLANG_WARN_NON_LITERAL_NULL_CONVERSION = YES;
				CLANG_WARN_OBJC_IMPLICIT_RETAIN_SELF = YES;
				CLANG_WARN_OBJC_LITERAL_CONVERSION = YES;
				CLANG_WARN_OBJC_ROOT_CLASS = YES_ERROR;
				CLANG_WARN_QUOTED_INCLUDE_IN_FRAMEWORK_HEADER = YES;
				CLANG_WARN_RANGE_LOOP_ANALYSIS = YES;
				CLANG_WARN_STRICT_PROTOTYPES = YES;
				CLANG_WARN_SUSPICIOUS_MOVE = YES;
				CLANG_WARN_UNGUARDED_AVAILABILITY = YES_AGGRESSIVE;
				CLANG_WARN_UNREACHABLE_CODE = YES;
				CLANG_WARN__DUPLICATE_METHOD_MATCH = YES;
				COPY_PHASE_STRIP = NO;
				DEBUG_INFORMATION_FORMAT = dwarf;
				ENABLE_STRICT_OBJC_MSGSEND = YES;
				ENABLE_TESTABILITY = YES;
				GCC_C_LANGUAGE_STANDARD = gnu11;
				GCC_DYNAMIC_NO_PIC = NO;
				GCC_NO_COMMON_BLOCKS = YES;
				GCC_OPTIMIZATION_LEVEL = 0;
				GCC_PREPROCESSOR_DEFINITIONS = (
					"DEBUG=1",
					"$(inherited)",
				);
				GCC_WARN_64_TO_32_BIT_CONVERSION = YES;
				GCC_WARN_ABOUT_RETURN_TYPE = YES_ERROR;
				GCC_WARN_UNDECLARED_SELECTOR = YES;
				GCC_WARN_UNINITIALIZED_AUTOS = YES_AGGRESSIVE;
				GCC_WARN_UNUSED_FUNCTION = YES;
				GCC_WARN_UNUSED_VARIABLE = YES;
				IPHONEOS_DEPLOYMENT_TARGET = 14.5;
				MTL_ENABLE_DEBUG_INFO = INCLUDE_SOURCE;
				MTL_FAST_MATH = YES;
				ONLY_ACTIVE_ARCH = YES;
				SDKROOT = iphoneos;
				SWIFT_ACTIVE_COMPILATION_CONDITIONS = DEBUG;
				SWIFT_OPTIMIZATION_LEVEL = "-Onone";
			};
			name = Debug;
		};
		400573992750CCEF000866FA /* Release */ = {
			isa = XCBuildConfiguration;
			buildSettings = {
				ALWAYS_SEARCH_USER_PATHS = NO;
				CLANG_ANALYZER_NONNULL = YES;
				CLANG_ANALYZER_NUMBER_OBJECT_CONVERSION = YES_AGGRESSIVE;
				CLANG_CXX_LANGUAGE_STANDARD = "gnu++14";
				CLANG_CXX_LIBRARY = "libc++";
				CLANG_ENABLE_MODULES = YES;
				CLANG_ENABLE_OBJC_ARC = YES;
				CLANG_ENABLE_OBJC_WEAK = YES;
				CLANG_WARN_BLOCK_CAPTURE_AUTORELEASING = YES;
				CLANG_WARN_BOOL_CONVERSION = YES;
				CLANG_WARN_COMMA = YES;
				CLANG_WARN_CONSTANT_CONVERSION = YES;
				CLANG_WARN_DEPRECATED_OBJC_IMPLEMENTATIONS = YES;
				CLANG_WARN_DIRECT_OBJC_ISA_USAGE = YES_ERROR;
				CLANG_WARN_DOCUMENTATION_COMMENTS = YES;
				CLANG_WARN_EMPTY_BODY = YES;
				CLANG_WARN_ENUM_CONVERSION = YES;
				CLANG_WARN_INFINITE_RECURSION = YES;
				CLANG_WARN_INT_CONVERSION = YES;
				CLANG_WARN_NON_LITERAL_NULL_CONVERSION = YES;
				CLANG_WARN_OBJC_IMPLICIT_RETAIN_SELF = YES;
				CLANG_WARN_OBJC_LITERAL_CONVERSION = YES;
				CLANG_WARN_OBJC_ROOT_CLASS = YES_ERROR;
				CLANG_WARN_QUOTED_INCLUDE_IN_FRAMEWORK_HEADER = YES;
				CLANG_WARN_RANGE_LOOP_ANALYSIS = YES;
				CLANG_WARN_STRICT_PROTOTYPES = YES;
				CLANG_WARN_SUSPICIOUS_MOVE = YES;
				CLANG_WARN_UNGUARDED_AVAILABILITY = YES_AGGRESSIVE;
				CLANG_WARN_UNREACHABLE_CODE = YES;
				CLANG_WARN__DUPLICATE_METHOD_MATCH = YES;
				COPY_PHASE_STRIP = NO;
				DEBUG_INFORMATION_FORMAT = "dwarf-with-dsym";
				ENABLE_NS_ASSERTIONS = NO;
				ENABLE_STRICT_OBJC_MSGSEND = YES;
				GCC_C_LANGUAGE_STANDARD = gnu11;
				GCC_NO_COMMON_BLOCKS = YES;
				GCC_WARN_64_TO_32_BIT_CONVERSION = YES;
				GCC_WARN_ABOUT_RETURN_TYPE = YES_ERROR;
				GCC_WARN_UNDECLARED_SELECTOR = YES;
				GCC_WARN_UNINITIALIZED_AUTOS = YES_AGGRESSIVE;
				GCC_WARN_UNUSED_FUNCTION = YES;
				GCC_WARN_UNUSED_VARIABLE = YES;
				IPHONEOS_DEPLOYMENT_TARGET = 14.5;
				MTL_ENABLE_DEBUG_INFO = NO;
				MTL_FAST_MATH = YES;
				SDKROOT = iphoneos;
				SWIFT_COMPILATION_MODE = wholemodule;
				SWIFT_OPTIMIZATION_LEVEL = "-O";
				VALIDATE_PRODUCT = YES;
			};
			name = Release;
		};
		4005739B2750CCEF000866FA /* Debug */ = {
			isa = XCBuildConfiguration;
			buildSettings = {
				ASSETCATALOG_COMPILER_APPICON_NAME = AppIcon;
				ASSETCATALOG_COMPILER_GLOBAL_ACCENT_COLOR_NAME = AccentColor;
				CODE_SIGN_STYLE = Automatic;
				INFOPLIST_FILE = PersonProject/Info.plist;
				LD_RUNPATH_SEARCH_PATHS = (
					"$(inherited)",
					"@executable_path/Frameworks",
				);
				PRODUCT_BUNDLE_IDENTIFIER = "htl-leonding.ac.at.PersonProject";
				PRODUCT_NAME = "$(TARGET_NAME)";
				SWIFT_VERSION = 5.0;
				TARGETED_DEVICE_FAMILY = "1,2";
			};
			name = Debug;
		};
		4005739C2750CCEF000866FA /* Release */ = {
			isa = XCBuildConfiguration;
			buildSettings = {
				ASSETCATALOG_COMPILER_APPICON_NAME = AppIcon;
				ASSETCATALOG_COMPILER_GLOBAL_ACCENT_COLOR_NAME = AccentColor;
				CODE_SIGN_STYLE = Automatic;
				INFOPLIST_FILE = PersonProject/Info.plist;
				LD_RUNPATH_SEARCH_PATHS = (
					"$(inherited)",
					"@executable_path/Frameworks",
				);
				PRODUCT_BUNDLE_IDENTIFIER = "htl-leonding.ac.at.PersonProject";
				PRODUCT_NAME = "$(TARGET_NAME)";
				SWIFT_VERSION = 5.0;
				TARGETED_DEVICE_FAMILY = "1,2";
			};
			name = Release;
		};
		4005739E2750CCEF000866FA /* Debug */ = {
			isa = XCBuildConfiguration;
			buildSettings = {
				ALWAYS_EMBED_SWIFT_STANDARD_LIBRARIES = YES;
				BUNDLE_LOADER = "$(TEST_HOST)";
				CODE_SIGN_STYLE = Automatic;
				INFOPLIST_FILE = PersonProjectTests/Info.plist;
				IPHONEOS_DEPLOYMENT_TARGET = 14.5;
				LD_RUNPATH_SEARCH_PATHS = (
					"$(inherited)",
					"@executable_path/Frameworks",
					"@loader_path/Frameworks",
				);
				PRODUCT_BUNDLE_IDENTIFIER = "htl-leonding.ac.at.PersonProjectTests";
				PRODUCT_NAME = "$(TARGET_NAME)";
				SWIFT_VERSION = 5.0;
				TARGETED_DEVICE_FAMILY = "1,2";
				TEST_HOST = "$(BUILT_PRODUCTS_DIR)/PersonProject.app/PersonProject";
			};
			name = Debug;
		};
		4005739F2750CCEF000866FA /* Release */ = {
			isa = XCBuildConfiguration;
			buildSettings = {
				ALWAYS_EMBED_SWIFT_STANDARD_LIBRARIES = YES;
				BUNDLE_LOADER = "$(TEST_HOST)";
				CODE_SIGN_STYLE = Automatic;
				INFOPLIST_FILE = PersonProjectTests/Info.plist;
				IPHONEOS_DEPLOYMENT_TARGET = 14.5;
				LD_RUNPATH_SEARCH_PATHS = (
					"$(inherited)",
					"@executable_path/Frameworks",
					"@loader_path/Frameworks",
				);
				PRODUCT_BUNDLE_IDENTIFIER = "htl-leonding.ac.at.PersonProjectTests";
				PRODUCT_NAME = "$(TARGET_NAME)";
				SWIFT_VERSION = 5.0;
				TARGETED_DEVICE_FAMILY = "1,2";
				TEST_HOST = "$(BUILT_PRODUCTS_DIR)/PersonProject.app/PersonProject";
			};
			name = Release;
		};
		400573A12750CCEF000866FA /* Debug */ = {
			isa = XCBuildConfiguration;
			buildSettings = {
				ALWAYS_EMBED_SWIFT_STANDARD_LIBRARIES = YES;
				CODE_SIGN_STYLE = Automatic;
				INFOPLIST_FILE = PersonProjectUITests/Info.plist;
				LD_RUNPATH_SEARCH_PATHS = (
					"$(inherited)",
					"@executable_path/Frameworks",
					"@loader_path/Frameworks",
				);
				PRODUCT_BUNDLE_IDENTIFIER = "htl-leonding.ac.at.PersonProjectUITests";
				PRODUCT_NAME = "$(TARGET_NAME)";
				SWIFT_VERSION = 5.0;
				TARGETED_DEVICE_FAMILY = "1,2";
				TEST_TARGET_NAME = PersonProject;
			};
			name = Debug;
		};
		400573A22750CCEF000866FA /* Release */ = {
			isa = XCBuildConfiguration;
			buildSettings = {
				ALWAYS_EMBED_SWIFT_STANDARD_LIBRARIES = YES;
				CODE_SIGN_STYLE = Automatic;
				INFOPLIST_FILE = PersonProjectUITests/Info.plist;
				LD_RUNPATH_SEARCH_PATHS = (
					"$(inherited)",
					"@executable_path/Frameworks",
					"@loader_path/Frameworks",
				);
				PRODUCT_BUNDLE_IDENTIFIER = "htl-leonding.ac.at.PersonProjectUITests";
				PRODUCT_NAME = "$(TARGET_NAME)";
				SWIFT_VERSION = 5.0;
				TARGETED_DEVICE_FAMILY = "1,2";
				TEST_TARGET_NAME = PersonProject;
			};
			name = Release;
		};
/* End XCBuildConfiguration section */

/* Begin XCConfigurationList section */
		4005736B2750CCED000866FA /* Build configuration list for PBXProject "PersonProject" */ = {
			isa = XCConfigurationList;
			buildConfigurations = (
				400573982750CCEF000866FA /* Debug */,
				400573992750CCEF000866FA /* Release */,
			);
			defaultConfigurationIsVisible = 0;
			defaultConfigurationName = Release;
		};
		4005739A2750CCEF000866FA /* Build configuration list for PBXNativeTarget "PersonProject" */ = {
			isa = XCConfigurationList;
			buildConfigurations = (
				4005739B2750CCEF000866FA /* Debug */,
				4005739C2750CCEF000866FA /* Release */,
			);
			defaultConfigurationIsVisible = 0;
			defaultConfigurationName = Release;
		};
		4005739D2750CCEF000866FA /* Build configuration list for PBXNativeTarget "PersonProjectTests" */ = {
			isa = XCConfigurationList;
			buildConfigurations = (
				4005739E2750CCEF000866FA /* Debug */,
				4005739F2750CCEF000866FA /* Release */,
			);
			defaultConfigurationIsVisible = 0;
			defaultConfigurationName = Release;
		};
		400573A02750CCEF000866FA /* Build configuration list for PBXNativeTarget "PersonProjectUITests" */ = {
			isa = XCConfigurationList;
			buildConfigurations = (
				400573A12750CCEF000866FA /* Debug */,
				400573A22750CCEF000866FA /* Release */,
			);
			defaultConfigurationIsVisible = 0;
			defaultConfigurationName = Release;
		};
/* End XCConfigurationList section */
	};
	rootObject = 400573682750CCED000866FA /* Project object */;
}
